
Microsoft Visual Studio Solution File, Format Version 12.00
# Visual Studio Version 17
VisualStudioVersion = 17.8.34330.188
MinimumVisualStudioVersion = 10.0.40219.1
Project("{8BC9CEB8-8B4A-11D0-8D11-00A0C91BC942}") = "ProgWindows", "ProgWindows\ProgWindows.vcxproj", "{E6689DFC-90A3-4A00-8B7D-C926A949E9A6}"
EndProject
Global
	GlobalSection(SolutionConfigurationPlatforms) = preSolution
		Debug|x64 = Debug|x64
		Debug|x86 = Debug|x86
		Release|x64 = Release|x64
		Release|x86 = Release|x86
	EndGlobalSection
	GlobalSection(ProjectConfigurationPlatforms) = postSolution
		{E6689DFC-90A3-4A00-8B7D-C926A949E9A6}.Debug|x64.ActiveCfg = Debug|x64
		{E6689DFC-90A3-4A00-8B7D-C926A949E9A6}.Debug|x64.Build.0 = Debug|x64
		{E6689DFC-90A3-4A00-8B7D-C926A949E9A6}.Debug|x86.ActiveCfg = Debug|Win32
		{E6689DFC-90A3-4A00-8B7D-C926A949E9A6}.Debug|x86.Build.0 = Debug|Win32
		{E6689DFC-90A3-4A00-8B7D-C926A949E9A6}.Release|x64.ActiveCfg = Release|x64
		{E6689DFC-90A3-4A00-8B7D-C926A949E9A6}.Release|x64.Build.0 = Release|x64
		{E6689DFC-90A3-4A00-8B7D-C926A949E9A6}.Release|x86.ActiveCfg = Release|Win32
		{E6689DFC-90A3-4A00-8B7D-C926A949E9A6}.Release|x86.Build.0 = Release|Win32
	EndGlobalSection
	GlobalSection(SolutionProperties) = preSolution
		HideSolutionNode = FALSE
	EndGlobalSection
	GlobalSection(ExtensibilityGlobals) = postSolution
		SolutionGuid = {FC55CC9A-6866-4B0D-AF6F-8D9700EE6565}
	EndGlobalSection
EndGlobal
